
Microsoft Visual Studio Solution File, Format Version 12.00
# Visual Studio Version 16
VisualStudioVersion = 16.0.30225.117
MinimumVisualStudioVersion = 10.0.40219.1
Project("{FAE04EC0-301F-11D3-BF4B-00C04F79EFBC}") = "Airlock Manager", "Airlocks\Airlock Manager.csproj", "{75539C2A-36D8-4917-9CD3-B47EF835D7D1}"
EndProject
Global
	GlobalSection(SolutionConfigurationPlatforms) = preSolution
		Debug|x64 = Debug|x64
	EndGlobalSection
	GlobalSection(ProjectConfigurationPlatforms) = postSolution
		{75539C2A-36D8-4917-9CD3-B47EF835D7D1}.Debug|x64.ActiveCfg = Debug|x64
		{75539C2A-36D8-4917-9CD3-B47EF835D7D1}.Debug|x64.Build.0 = Debug|x64
	EndGlobalSection
	GlobalSection(SolutionProperties) = preSolution
		HideSolutionNode = FALSE
	EndGlobalSection
	GlobalSection(ExtensibilityGlobals) = postSolution
		SolutionGuid = {AA3DA097-6B9F-4A9F-ACFB-64466F52B7F2}
	EndGlobalSection
EndGlobal
